// !$*UTF8*$!
{
	archiveVersion = 1;
	classes = {
	};
	objectVersion = 46;
	objects = {

/* Begin PBXBuildFile section */
		1406EFC41D729223000D77AE /* MaterialView.swift in Sources */ = {isa = PBXBuildFile; fileRef = 1406EFC31D729223000D77AE /* MaterialView.swift */; };
		1406EFC61D733442000D77AE /* ItemCell.swift in Sources */ = {isa = PBXBuildFile; fileRef = 1406EFC51D733442000D77AE /* ItemCell.swift */; };
		141C465B1D7251E800E01E5B /* AppDelegate.swift in Sources */ = {isa = PBXBuildFile; fileRef = 141C465A1D7251E800E01E5B /* AppDelegate.swift */; };
		141C465D1D7251E800E01E5B /* MainViewController.swift in Sources */ = {isa = PBXBuildFile; fileRef = 141C465C1D7251E800E01E5B /* MainViewController.swift */; };
		141C46601D7251E800E01E5B /* Main.storyboard in Resources */ = {isa = PBXBuildFile; fileRef = 141C465E1D7251E800E01E5B /* Main.storyboard */; };
		141C46631D7251E800E01E5B /* DreamLister.xcdatamodeld in Sources */ = {isa = PBXBuildFile; fileRef = 141C46611D7251E800E01E5B /* DreamLister.xcdatamodeld */; };
		141C46651D7251E800E01E5B /* Assets.xcassets in Resources */ = {isa = PBXBuildFile; fileRef = 141C46641D7251E800E01E5B /* Assets.xcassets */; };
		141C46681D7251E800E01E5B /* LaunchScreen.storyboard in Resources */ = {isa = PBXBuildFile; fileRef = 141C46661D7251E800E01E5B /* LaunchScreen.storyboard */; };
		146087201D728CB400CC83A2 /* Store+CoreDataProperties.swift in Sources */ = {isa = PBXBuildFile; fileRef = 146087181D728CB400CC83A2 /* Store+CoreDataProperties.swift */; };
		146087211D728CB400CC83A2 /* Store.swift in Sources */ = {isa = PBXBuildFile; fileRef = 146087191D728CB400CC83A2 /* Store.swift */; };
		146087221D728CB400CC83A2 /* Item+CoreDataProperties.swift in Sources */ = {isa = PBXBuildFile; fileRef = 1460871A1D728CB400CC83A2 /* Item+CoreDataProperties.swift */; };
		146087231D728CB400CC83A2 /* Item.swift in Sources */ = {isa = PBXBuildFile; fileRef = 1460871B1D728CB400CC83A2 /* Item.swift */; };
		146087241D728CB400CC83A2 /* Image+CoreDataProperties.swift in Sources */ = {isa = PBXBuildFile; fileRef = 1460871C1D728CB400CC83A2 /* Image+CoreDataProperties.swift */; };
		146087251D728CB400CC83A2 /* Image.swift in Sources */ = {isa = PBXBuildFile; fileRef = 1460871D1D728CB400CC83A2 /* Image.swift */; };
		146087261D728CB400CC83A2 /* ItemType+CoreDataProperties.swift in Sources */ = {isa = PBXBuildFile; fileRef = 1460871E1D728CB400CC83A2 /* ItemType+CoreDataProperties.swift */; };
		146087271D728CB400CC83A2 /* ItemType.swift in Sources */ = {isa = PBXBuildFile; fileRef = 1460871F1D728CB400CC83A2 /* ItemType.swift */; };
/* End PBXBuildFile section */

/* Begin PBXFileReference section */
		1406EFC31D729223000D77AE /* MaterialView.swift */ = {isa = PBXFileReference; fileEncoding = 4; lastKnownFileType = sourcecode.swift; path = MaterialView.swift; sourceTree = "<group>"; };
		1406EFC51D733442000D77AE /* ItemCell.swift */ = {isa = PBXFileReference; fileEncoding = 4; lastKnownFileType = sourcecode.swift; path = ItemCell.swift; sourceTree = "<group>"; };
		141C46571D7251E800E01E5B /* DreamLister.app */ = {isa = PBXFileReference; explicitFileType = wrapper.application; includeInIndex = 0; path = DreamLister.app; sourceTree = BUILT_PRODUCTS_DIR; };
		141C465A1D7251E800E01E5B /* AppDelegate.swift */ = {isa = PBXFileReference; lastKnownFileType = sourcecode.swift; path = AppDelegate.swift; sourceTree = "<group>"; };
		141C465C1D7251E800E01E5B /* MainViewController.swift */ = {isa = PBXFileReference; lastKnownFileType = sourcecode.swift; path = MainViewController.swift; sourceTree = "<group>"; };
		141C465F1D7251E800E01E5B /* Base */ = {isa = PBXFileReference; lastKnownFileType = file.storyboard; name = Base; path = Base.lproj/Main.storyboard; sourceTree = "<group>"; };
		141C46621D7251E800E01E5B /* DreamLister.xcdatamodel */ = {isa = PBXFileReference; lastKnownFileType = wrapper.xcdatamodel; path = DreamLister.xcdatamodel; sourceTree = "<group>"; };
		141C46641D7251E800E01E5B /* Assets.xcassets */ = {isa = PBXFileReference; lastKnownFileType = folder.assetcatalog; path = Assets.xcassets; sourceTree = "<group>"; };
		141C46671D7251E800E01E5B /* Base */ = {isa = PBXFileReference; lastKnownFileType = file.storyboard; name = Base; path = Base.lproj/LaunchScreen.storyboard; sourceTree = "<group>"; };
		141C46691D7251E800E01E5B /* Info.plist */ = {isa = PBXFileReference; lastKnownFileType = text.plist.xml; path = Info.plist; sourceTree = "<group>"; };
		146086FF1D728C6600CC83A2 /* DreamLister-Bridging-Header.h */ = {isa = PBXFileReference; lastKnownFileType = sourcecode.c.h; path = "DreamLister-Bridging-Header.h"; sourceTree = "<group>"; };
		146087181D728CB400CC83A2 /* Store+CoreDataProperties.swift */ = {isa = PBXFileReference; fileEncoding = 4; lastKnownFileType = sourcecode.swift; path = "Store+CoreDataProperties.swift"; sourceTree = "<group>"; };
		146087191D728CB400CC83A2 /* Store.swift */ = {isa = PBXFileReference; fileEncoding = 4; lastKnownFileType = sourcecode.swift; path = Store.swift; sourceTree = "<group>"; };
		1460871A1D728CB400CC83A2 /* Item+CoreDataProperties.swift */ = {isa = PBXFileReference; fileEncoding = 4; lastKnownFileType = sourcecode.swift; path = "Item+CoreDataProperties.swift"; sourceTree = "<group>"; };
		1460871B1D728CB400CC83A2 /* Item.swift */ = {isa = PBXFileReference; fileEncoding = 4; lastKnownFileType = sourcecode.swift; path = Item.swift; sourceTree = "<group>"; };
		1460871C1D728CB400CC83A2 /* Image+CoreDataProperties.swift */ = {isa = PBXFileReference; fileEncoding = 4; lastKnownFileType = sourcecode.swift; path = "Image+CoreDataProperties.swift"; sourceTree = "<group>"; };
		1460871D1D728CB400CC83A2 /* Image.swift */ = {isa = PBXFileReference; fileEncoding = 4; lastKnownFileType = sourcecode.swift; path = Image.swift; sourceTree = "<group>"; };
		1460871E1D728CB400CC83A2 /* ItemType+CoreDataProperties.swift */ = {isa = PBXFileReference; fileEncoding = 4; lastKnownFileType = sourcecode.swift; path = "ItemType+CoreDataProperties.swift"; sourceTree = "<group>"; };
		1460871F1D728CB400CC83A2 /* ItemType.swift */ = {isa = PBXFileReference; fileEncoding = 4; lastKnownFileType = sourcecode.swift; path = ItemType.swift; sourceTree = "<group>"; };
/* End PBXFileReference section */

/* Begin PBXFrameworksBuildPhase section */
		141C46541D7251E800E01E5B /* Frameworks */ = {
			isa = PBXFrameworksBuildPhase;
			buildActionMask = 2147483647;
			files = (
			);
			runOnlyForDeploymentPostprocessing = 0;
		};
/* End PBXFrameworksBuildPhase section */

/* Begin PBXGroup section */
		1406EFC21D729214000D77AE /* View */ = {
			isa = PBXGroup;
			children = (
				1406EFC31D729223000D77AE /* MaterialView.swift */,
				1406EFC51D733442000D77AE /* ItemCell.swift */,
			);
			name = View;
			sourceTree = "<group>";
		};
		141C464E1D7251E800E01E5B = {
			isa = PBXGroup;
			children = (
				141C46591D7251E800E01E5B /* DreamLister */,
				141C46581D7251E800E01E5B /* Products */,
				146086FF1D728C6600CC83A2 /* DreamLister-Bridging-Header.h */,
			);
			sourceTree = "<group>";
		};
		141C46581D7251E800E01E5B /* Products */ = {
			isa = PBXGroup;
			children = (
				141C46571D7251E800E01E5B /* DreamLister.app */,
			);
			name = Products;
			sourceTree = "<group>";
		};
		141C46591D7251E800E01E5B /* DreamLister */ = {
			isa = PBXGroup;
			children = (
				1406EFC21D729214000D77AE /* View */,
				146087291D728CCE00CC83A2 /* Generated */,
				146087281D728CC700CC83A2 /* Model */,
				141C465A1D7251E800E01E5B /* AppDelegate.swift */,
				141C465C1D7251E800E01E5B /* MainViewController.swift */,
				141C465E1D7251E800E01E5B /* Main.storyboard */,
				141C46641D7251E800E01E5B /* Assets.xcassets */,
				141C46661D7251E800E01E5B /* LaunchScreen.storyboard */,
				141C46691D7251E800E01E5B /* Info.plist */,
				141C46611D7251E800E01E5B /* DreamLister.xcdatamodeld */,
			);
			path = DreamLister;
			sourceTree = "<group>";
		};
		146087281D728CC700CC83A2 /* Model */ = {
			isa = PBXGroup;
			children = (
				146087191D728CB400CC83A2 /* Store.swift */,
				1460871B1D728CB400CC83A2 /* Item.swift */,
				1460871D1D728CB400CC83A2 /* Image.swift */,
				1460871F1D728CB400CC83A2 /* ItemType.swift */,
			);
			name = Model;
			sourceTree = "<group>";
		};
		146087291D728CCE00CC83A2 /* Generated */ = {
			isa = PBXGroup;
			children = (
				146087181D728CB400CC83A2 /* Store+CoreDataProperties.swift */,
				1460871A1D728CB400CC83A2 /* Item+CoreDataProperties.swift */,
				1460871C1D728CB400CC83A2 /* Image+CoreDataProperties.swift */,
				1460871E1D728CB400CC83A2 /* ItemType+CoreDataProperties.swift */,
			);
			name = Generated;
			sourceTree = "<group>";
		};
/* End PBXGroup section */

/* Begin PBXNativeTarget section */
		141C46561D7251E800E01E5B /* DreamLister */ = {
			isa = PBXNativeTarget;
			buildConfigurationList = 141C466C1D7251E800E01E5B /* Build configuration list for PBXNativeTarget "DreamLister" */;
			buildPhases = (
				141C46531D7251E800E01E5B /* Sources */,
				141C46541D7251E800E01E5B /* Frameworks */,
				141C46551D7251E800E01E5B /* Resources */,
			);
			buildRules = (
			);
			dependencies = (
			);
			name = DreamLister;
			productName = DreamLister;
			productReference = 141C46571D7251E800E01E5B /* DreamLister.app */;
			productType = "com.apple.product-type.application";
		};
/* End PBXNativeTarget section */

/* Begin PBXProject section */
		141C464F1D7251E800E01E5B /* Project object */ = {
			isa = PBXProject;
			attributes = {
				LastSwiftUpdateCheck = 0800;
				LastUpgradeCheck = 0800;
				ORGANIZATIONNAME = Joopkins;
				TargetAttributes = {
					141C46561D7251E800E01E5B = {
						CreatedOnToolsVersion = 8.0;
						ProvisioningStyle = Automatic;
					};
				};
			};
			buildConfigurationList = 141C46521D7251E800E01E5B /* Build configuration list for PBXProject "DreamLister" */;
			compatibilityVersion = "Xcode 3.2";
			developmentRegion = English;
			hasScannedForEncodings = 0;
			knownRegions = (
				en,
				Base,
			);
			mainGroup = 141C464E1D7251E800E01E5B;
			productRefGroup = 141C46581D7251E800E01E5B /* Products */;
			projectDirPath = "";
			projectRoot = "";
			targets = (
				141C46561D7251E800E01E5B /* DreamLister */,
			);
		};
/* End PBXProject section */

/* Begin PBXResourcesBuildPhase section */
		141C46551D7251E800E01E5B /* Resources */ = {
			isa = PBXResourcesBuildPhase;
			buildActionMask = 2147483647;
			files = (
				141C46681D7251E800E01E5B /* LaunchScreen.storyboard in Resources */,
				141C46651D7251E800E01E5B /* Assets.xcassets in Resources */,
				141C46601D7251E800E01E5B /* Main.storyboard in Resources */,
			);
			runOnlyForDeploymentPostprocessing = 0;
		};
/* End PBXResourcesBuildPhase section */

/* Begin PBXSourcesBuildPhase section */
		141C46531D7251E800E01E5B /* Sources */ = {
			isa = PBXSourcesBuildPhase;
			buildActionMask = 2147483647;
			files = (
				1406EFC61D733442000D77AE /* ItemCell.swift in Sources */,
				146087221D728CB400CC83A2 /* Item+CoreDataProperties.swift in Sources */,
				146087251D728CB400CC83A2 /* Image.swift in Sources */,
				146087211D728CB400CC83A2 /* Store.swift in Sources */,
				1406EFC41D729223000D77AE /* MaterialView.swift in Sources */,
				141C465D1D7251E800E01E5B /* MainViewController.swift in Sources */,
				146087201D728CB400CC83A2 /* Store+CoreDataProperties.swift in Sources */,
				146087231D728CB400CC83A2 /* Item.swift in Sources */,
				146087271D728CB400CC83A2 /* ItemType.swift in Sources */,
				146087261D728CB400CC83A2 /* ItemType+CoreDataProperties.swift in Sources */,
				141C465B1D7251E800E01E5B /* AppDelegate.swift in Sources */,
				141C46631D7251E800E01E5B /* DreamLister.xcdatamodeld in Sources */,
				146087241D728CB400CC83A2 /* Image+CoreDataProperties.swift in Sources */,
			);
			runOnlyForDeploymentPostprocessing = 0;
		};
/* End PBXSourcesBuildPhase section */

/* Begin PBXVariantGroup section */
		141C465E1D7251E800E01E5B /* Main.storyboard */ = {
			isa = PBXVariantGroup;
			children = (
				141C465F1D7251E800E01E5B /* Base */,
			);
			name = Main.storyboard;
			sourceTree = "<group>";
		};
		141C46661D7251E800E01E5B /* LaunchScreen.storyboard */ = {
			isa = PBXVariantGroup;
			children = (
				141C46671D7251E800E01E5B /* Base */,
			);
			name = LaunchScreen.storyboard;
			sourceTree = "<group>";
		};
/* End PBXVariantGroup section */

/* Begin XCBuildConfiguration section */
		141C466A1D7251E800E01E5B /* Debug */ = {
			isa = XCBuildConfiguration;
			buildSettings = {
				ALWAYS_SEARCH_USER_PATHS = NO;
				CLANG_ANALYZER_NONNULL = YES;
				CLANG_CXX_LANGUAGE_STANDARD = "gnu++0x";
				CLANG_CXX_LIBRARY = "libc++";
				CLANG_ENABLE_MODULES = YES;
				CLANG_ENABLE_OBJC_ARC = YES;
				CLANG_WARN_BOOL_CONVERSION = YES;
				CLANG_WARN_CONSTANT_CONVERSION = YES;
				CLANG_WARN_DIRECT_OBJC_ISA_USAGE = YES_ERROR;
				CLANG_WARN_DOCUMENTATION_COMMENTS = YES;
				CLANG_WARN_EMPTY_BODY = YES;
				CLANG_WARN_ENUM_CONVERSION = YES;
				CLANG_WARN_INFINITE_RECURSION = YES;
				CLANG_WARN_INT_CONVERSION = YES;
				CLANG_WARN_OBJC_ROOT_CLASS = YES_ERROR;
				CLANG_WARN_SUSPICIOUS_MOVES = YES;
				CLANG_WARN_UNREACHABLE_CODE = YES;
				CLANG_WARN__DUPLICATE_METHOD_MATCH = YES;
				"CODE_SIGN_IDENTITY[sdk=iphoneos*]" = "iPhone Developer";
				COPY_PHASE_STRIP = NO;
				DEBUG_INFORMATION_FORMAT = dwarf;
				ENABLE_STRICT_OBJC_MSGSEND = YES;
				ENABLE_TESTABILITY = YES;
				GCC_C_LANGUAGE_STANDARD = gnu99;
				GCC_DYNAMIC_NO_PIC = NO;
				GCC_NO_COMMON_BLOCKS = YES;
				GCC_OPTIMIZATION_LEVEL = 0;
				GCC_PREPROCESSOR_DEFINITIONS = (
					"DEBUG=1",
					"$(inherited)",
				);
				GCC_WARN_64_TO_32_BIT_CONVERSION = YES;
				GCC_WARN_ABOUT_RETURN_TYPE = YES_ERROR;
				GCC_WARN_UNDECLARED_SELECTOR = YES;
				GCC_WARN_UNINITIALIZED_AUTOS = YES_AGGRESSIVE;
				GCC_WARN_UNUSED_FUNCTION = YES;
				GCC_WARN_UNUSED_VARIABLE = YES;
				IPHONEOS_DEPLOYMENT_TARGET = 10.0;
				MTL_ENABLE_DEBUG_INFO = YES;
				ONLY_ACTIVE_ARCH = YES;
				SDKROOT = iphoneos;
				SWIFT_ACTIVE_COMPILATION_CONDITIONS = DEBUG;
				SWIFT_OPTIMIZATION_LEVEL = "-Onone";
				TARGETED_DEVICE_FAMILY = "1,2";
			};
			name = Debug;
		};
		141C466B1D7251E800E01E5B /* Release */ = {
			isa = XCBuildConfiguration;
			buildSettings = {
				ALWAYS_SEARCH_USER_PATHS = NO;
				CLANG_ANALYZER_NONNULL = YES;
				CLANG_CXX_LANGUAGE_STANDARD = "gnu++0x";
				CLANG_CXX_LIBRARY = "libc++";
				CLANG_ENABLE_MODULES = YES;
				CLANG_ENABLE_OBJC_ARC = YES;
				CLANG_WARN_BOOL_CONVERSION = YES;
				CLANG_WARN_CONSTANT_CONVERSION = YES;
				CLANG_WARN_DIRECT_OBJC_ISA_USAGE = YES_ERROR;
				CLANG_WARN_DOCUMENTATION_COMMENTS = YES;
				CLANG_WARN_EMPTY_BODY = YES;
				CLANG_WARN_ENUM_CONVERSION = YES;
				CLANG_WARN_INFINITE_RECURSION = YES;
				CLANG_WARN_INT_CONVERSION = YES;
				CLANG_WARN_OBJC_ROOT_CLASS = YES_ERROR;
				CLANG_WARN_SUSPICIOUS_MOVES = YES;
				CLANG_WARN_UNREACHABLE_CODE = YES;
				CLANG_WARN__DUPLICATE_METHOD_MATCH = YES;
				"CODE_SIGN_IDENTITY[sdk=iphoneos*]" = "iPhone Developer";
				COPY_PHASE_STRIP = NO;
				DEBUG_INFORMATION_FORMAT = "dwarf-with-dsym";
				ENABLE_NS_ASSERTIONS = NO;
				ENABLE_STRICT_OBJC_MSGSEND = YES;
				GCC_C_LANGUAGE_STANDARD = gnu99;
				GCC_NO_COMMON_BLOCKS = YES;
				GCC_WARN_64_TO_32_BIT_CONVERSION = YES;
				GCC_WARN_ABOUT_RETURN_TYPE = YES_ERROR;
				GCC_WARN_UNDECLARED_SELECTOR = YES;
				GCC_WARN_UNINITIALIZED_AUTOS = YES_AGGRESSIVE;
				GCC_WARN_UNUSED_FUNCTION = YES;
				GCC_WARN_UNUSED_VARIABLE = YES;
				IPHONEOS_DEPLOYMENT_TARGET = 10.0;
				MTL_ENABLE_DEBUG_INFO = NO;
				SDKROOT = iphoneos;
				SWIFT_OPTIMIZATION_LEVEL = "-Owholemodule";
				TARGETED_DEVICE_FAMILY = "1,2";
				VALIDATE_PRODUCT = YES;
			};
			name = Release;
		};
		141C466D1D7251E800E01E5B /* Debug */ = {
			isa = XCBuildConfiguration;
			buildSettings = {
				ASSETCATALOG_COMPILER_APPICON_NAME = AppIcon;
				CLANG_ENABLE_MODULES = YES;
				INFOPLIST_FILE = DreamLister/Info.plist;
				LD_RUNPATH_SEARCH_PATHS = "$(inherited) @executable_path/Frameworks";
				PRODUCT_BUNDLE_IDENTIFIER = com.joopkins.DreamLister;
				PRODUCT_NAME = "$(TARGET_NAME)";
				SWIFT_OBJC_BRIDGING_HEADER = "DreamLister-Bridging-Header.h";
				SWIFT_OPTIMIZATION_LEVEL = "-Onone";
				SWIFT_VERSION = 3.0;
			};
			name = Debug;
		};
		141C466E1D7251E800E01E5B /* Release */ = {
			isa = XCBuildConfiguration;
			buildSettings = {
				ASSETCATALOG_COMPILER_APPICON_NAME = AppIcon;
				CLANG_ENABLE_MODULES = YES;
				INFOPLIST_FILE = DreamLister/Info.plist;
				LD_RUNPATH_SEARCH_PATHS = "$(inherited) @executable_path/Frameworks";
				PRODUCT_BUNDLE_IDENTIFIER = com.joopkins.DreamLister;
				PRODUCT_NAME = "$(TARGET_NAME)";
				SWIFT_OBJC_BRIDGING_HEADER = "DreamLister-Bridging-Header.h";
				SWIFT_VERSION = 3.0;
			};
			name = Release;
		};
/* End XCBuildConfiguration section */

/* Begin XCConfigurationList section */
		141C46521D7251E800E01E5B /* Build configuration list for PBXProject "DreamLister" */ = {
			isa = XCConfigurationList;
			buildConfigurations = (
				141C466A1D7251E800E01E5B /* Debug */,
				141C466B1D7251E800E01E5B /* Release */,
			);
			defaultConfigurationIsVisible = 0;
			defaultConfigurationName = Release;
		};
		141C466C1D7251E800E01E5B /* Build configuration list for PBXNativeTarget "DreamLister" */ = {
			isa = XCConfigurationList;
			buildConfigurations = (
				141C466D1D7251E800E01E5B /* Debug */,
				141C466E1D7251E800E01E5B /* Release */,
			);
			defaultConfigurationIsVisible = 0;
			defaultConfigurationName = Release;
		};
/* End XCConfigurationList section */

/* Begin XCVersionGroup section */
		141C46611D7251E800E01E5B /* DreamLister.xcdatamodeld */ = {
			isa = XCVersionGroup;
			children = (
				141C46621D7251E800E01E5B /* DreamLister.xcdatamodel */,
			);
			currentVersion = 141C46621D7251E800E01E5B /* DreamLister.xcdatamodel */;
			path = DreamLister.xcdatamodeld;
			sourceTree = "<group>";
			versionGroupType = wrapper.xcdatamodel;
		};
/* End XCVersionGroup section */
	};
	rootObject = 141C464F1D7251E800E01E5B /* Project object */;
}
